PODS:
  - SwiftFireworks (0.1.0)
  - SwiftySound (1.2.0)

DEPENDENCIES:
  - SwiftFireworks
  - SwiftySound (~> 1.2)

SPEC REPOS:
  trunk:
    - SwiftFireworks
    - SwiftySound

SPEC CHECKSUMS:
  SwiftFireworks: 63447e004fea5db5856a56065f4f0d2df23715b1
  SwiftySound: 9eb28bb14edb601b40027e44319e0ef8383f88bf

PODFILE CHECKSUM: ddd9e8d6174aea028a3e6b9ce2eb50dfb51113ea

COCOAPODS: 1.8.4
